STORAGE: NONE
RESTRICTION: == netstandard2.0
NUGET
  remote: https://api.nuget.org/v3/index.json
    Fable.Core (5.0)
      FSharp.Core (>= 4.7.2)
    FSharp.Core (6.0)

GROUP Beam
STORAGE: NONE
RESTRICTION: == netstandard2.0
NUGET
  remote: https://api.nuget.org/v3/index.json
    Fable.Beam (5.0.0-rc.37)
      Fable.Core (>= 5.0)
      FSharp.Core (>= 5.0)
    Fable.Beam.Jsx (5.0.0-rc.9)
      Fable.Core (>= 5.0)
      FSharp.Core (>= 5.0)
    Fable.Core (5.0)
      FSharp.Core (>= 4.7.2)
    FSharp.Core (11.0.100)

GROUP Benchmark
STORAGE: NONE
RESTRICTION: == net10.0
NUGET
  remote: https://api.nuget.org/v3/index.json
    Azure.Core (1.60)
      Microsoft.Bcl.AsyncInterfaces (>= 10.0.9)
      Microsoft.Extensions.Configuration.Abstractions (>= 10.0.9)
      Microsoft.Extensions.Hosting.Abstractions (>= 10.0.9)
      Microsoft.Identity.Client (>= 4.84.2)
      Microsoft.Identity.Client.Extensions.Msal (>= 4.84.2)
      System.ClientModel (>= 1.14)
      System.Memory.Data (>= 10.0.9)
    Azure.Identity (1.21)
      Azure.Core (>= 1.53)
    BenchmarkDotNet (0.14)
      BenchmarkDotNet.Annotations (>= 0.14)
      CommandLineParser (>= 2.9.1)
      Gee.External.Capstone (>= 2.3)
      Iced (>= 1.17)
      Microsoft.CodeAnalysis.CSharp (>= 4.1)
      Microsoft.Diagnostics.Runtime (>= 2.2.332302)
      Microsoft.Diagnostics.Tracing.TraceEvent (>= 3.1.8)
      Microsoft.DotNet.PlatformAbstractions (>= 3.1.6)
      Perfolizer (0.3.17)
      System.Management (>= 5.0)
    BenchmarkDotNet.Annotations (0.15.8)
    CommandLineParser (2.9.1)
    Fable.Core (5.2)
      FSharp.Core (>= 4.7.2)
    FSharp.Core (11.0.100)
    Gee.External.Capstone (2.3)
    Iced (1.21)
    Microsoft.Bcl.AsyncInterfaces (10.0.10)
    Microsoft.CodeAnalysis.Analyzers (5.6)
    Microsoft.CodeAnalysis.Common (5.6)
      Microsoft.CodeAnalysis.Analyzers (>= 5.3)
    Microsoft.CodeAnalysis.CSharp (5.6)
      Microsoft.CodeAnalysis.Analyzers (>= 5.3)
      Microsoft.CodeAnalysis.Common (5.6)
    Microsoft.Diagnostics.NETCore.Client (0.2.661903)
      Microsoft.Extensions.Logging.Abstractions (>= 8.0.3)
    Microsoft.Diagnostics.Runtime (4.0.732401)
      Azure.Identity (>= 1.21)
      Microsoft.Diagnostics.NETCore.Client (>= 0.2.661903)
    Microsoft.Diagnostics.Tracing.TraceEvent (3.2.5)
      Microsoft.Diagnostics.NETCore.Client (>= 0.2.510501)
      Microsoft.Win32.Registry (>= 5.0)
      System.Collections.Immutable (>= 9.0.8)
      System.Reflection.Metadata (>= 9.0.8)
      System.Reflection.TypeExtensions (>= 4.7)
      System.Runtime.CompilerServices.Unsafe (>= 6.1.2)
      System.Text.Json (>= 9.0.8)
    Microsoft.DotNet.PlatformAbstractions (3.1.6)
    Microsoft.Extensions.Configuration.Abstractions (10.0.10)
      Microsoft.Extensions.Primitives (>= 10.0.10)
    Microsoft.Extensions.DependencyInjection.Abstractions (10.0.10)
    Microsoft.Extensions.Diagnostics.Abstractions (10.0.10)
      Microsoft.Extensions.DependencyInjection.Abstractions (>= 10.0.10)
      Microsoft.Extensions.Options (>= 10.0.10)
    Microsoft.Extensions.FileProviders.Abstractions (10.0.10)
      Microsoft.Extensions.Primitives (>= 10.0.10)
    Microsoft.Extensions.Hosting.Abstractions (10.0.10)
      Microsoft.Extensions.Configuration.Abstractions (>= 10.0.10)
      Microsoft.Extensions.DependencyInjection.Abstractions (>= 10.0.10)
      Microsoft.Extensions.Diagnostics.Abstractions (>= 10.0.10)
      Microsoft.Extensions.FileProviders.Abstractions (>= 10.0.10)
      Microsoft.Extensions.Logging.Abstractions (>= 10.0.10)
    Microsoft.Extensions.Logging.Abstractions (10.0.10)
      Microsoft.Extensions.DependencyInjection.Abstractions (>= 10.0.10)
    Microsoft.Extensions.Options (10.0.10)
      Microsoft.Extensions.DependencyInjection.Abstractions (>= 10.0.10)
      Microsoft.Extensions.Primitives (>= 10.0.10)
    Microsoft.Extensions.Primitives (10.0.10)
    Microsoft.Identity.Client (4.87)
      Microsoft.IdentityModel.Abstractions (>= 8.14)
      System.Diagnostics.DiagnosticSource (>= 6.0.1)
    Microsoft.Identity.Client.Extensions.Msal (4.87)
      Microsoft.Identity.Client (>= 4.87)
      System.Security.Cryptography.ProtectedData (>= 4.5)
    Microsoft.IdentityModel.Abstractions (8.22)
    Microsoft.Win32.Registry (5.0)
      System.Security.AccessControl (>= 5.0)
      System.Security.Principal.Windows (>= 5.0)
    Newtonsoft.Json (13.0.4)
    Perfolizer (0.3.17)
    System.ClientModel (1.14)
      Microsoft.Extensions.Configuration.Abstractions (>= 10.0.3)
      Microsoft.Extensions.Hosting.Abstractions (>= 10.0.3)
      Microsoft.Extensions.Logging.Abstractions (>= 10.0.3)
      System.Memory.Data (>= 10.0.3)
    System.CodeDom (10.0.10)
    System.Collections.Immutable (10.0.10)
    System.Diagnostics.DiagnosticSource (10.0.10)
    System.Management (10.0.10)
      System.CodeDom (>= 10.0.10)
    System.Memory.Data (10.0.10)
    System.Reflection.Metadata (10.0.10)
    System.Reflection.TypeExtensions (4.7)
    System.Runtime.CompilerServices.Unsafe (6.1.2)
    System.Security.AccessControl (6.0.1)
    System.Security.Cryptography.ProtectedData (10.0.10)
    System.Security.Principal.Windows (5.0)
    System.Text.Json (10.0.10)
    Thoth.Json (10.5.1)
      Fable.Core (>= 5.0)
      FSharp.Core (>= 10.1.203)
    Thoth.Json.Core (0.9.1)
      FSharp.Core (>= 10.1.203)
    Thoth.Json.Net (12.0)
      Fable.Core (>= 3.1.6)
      FSharp.Core (>= 4.7.2)
      Newtonsoft.Json (>= 13.0.1)
    Thoth.Json.System.Text.Json (0.4)
      FSharp.Core (>= 10.1.203)
      System.Text.Json (>= 9.0)
      Thoth.Json.Core (>= 0.9.1)

GROUP DotNet
STORAGE: NONE
RESTRICTION: == net10.0
NUGET
  remote: https://api.nuget.org/v3/index.json
    Fable.Core (5.0)
      FSharp.Core (>= 4.7.2)
    FSharp.Core (6.0)
    System.Text.Json (8.0.5)

GROUP JS
STORAGE: NONE
RESTRICTION: == netstandard2.0
NUGET
  remote: https://api.nuget.org/v3/index.json
    Fable.Core (5.0)
      FSharp.Core (>= 4.7.2)
    FSharp.Core (6.0)

GROUP Python
STORAGE: NONE
RESTRICTION: == netstandard2.0
NUGET
  remote: https://api.nuget.org/v3/index.json
    Fable.Core (5.0)
      FSharp.Core (>= 4.7.2)
    Fable.Python (5.5)
      Fable.Core (>= 5.0)
      FSharp.Core (>= 6.0)
    FSharp.Core (11.0.100)

GROUP Test
STORAGE: NONE
RESTRICTION: == net10.0
NUGET
  remote: https://api.nuget.org/v3/index.json
    Fable.Beam (5.0.0-rc.37)
      Fable.Core (>= 5.0)
      FSharp.Core (>= 5.0)
    Fable.Beam.Jsx (5.0.0-rc.9)
      Fable.Core (>= 5.0)
      FSharp.Core (>= 5.0)
    Fable.Core (5.2)
      FSharp.Core (>= 4.7.2)
    Fable.Python (5.5)
      Fable.Core (>= 5.0)
      FSharp.Core (>= 6.0)
    FSharp.Core (11.0.100)
    Scriptorium.Ink (0.5)
      Fable.Core (>= 5.2)
      FSharp.Core (>= 10.0.101)
    Scriptorium.Nib (0.4.1)
      FSharp.Core (>= 10.0.101)
      Scriptorium.Ink (>= 0.5)
    Scriptorium.Parchment (0.6.1)
      Fable.Core (>= 5.2)
      FSharp.Core (>= 10.0.101)
      Scriptorium.Ink (>= 0.5)
    Scriptorium.Quill (0.5.1)
      Fable.Core (>= 5.2)
      FSharp.Core (>= 10.0.101)
      Scriptorium.Ink (>= 0.5)
      Scriptorium.Nib (>= 0.4.1)
      Scriptorium.Parchment (>= 0.6.1)
